{
  "name": "k8mvc-admin",
  "version": "0.0.20",
  "lockfileVersion": 1,
  "requires": true,
  "dependencies": {
    "k8mvc-auth": {
      "version": "0.0.4",
      "resolved": "https://registry.npmjs.org/k8mvc-auth/-/k8mvc-auth-0.0.4.tgz",
      "integrity": "sha512-77YJ8cxEhYqsNZFyWljhsxxF+ZblABVa0CSBS0ijX1HGqAq8d7PH/zMW2RU/BdESr6XMdRZiKcW2sUSQSUFgVg=="
    }
  }
}
